
Microsoft Visual Studio Solution File, Format Version 12.00
# Visual Studio Version 17
VisualStudioVersion = 17.0.31919.166
MinimumVisualStudioVersion = 10.0.40219.1
Project("{9A19103F-16F7-4668-BE54-9A1E7A4F7556}") = "Sandpit.Console", "Sandpit.Console\Sandpit.Console.csproj", "{2680E2EF-4393-48F4-A23B-7160EF03A1B9}"
EndProject
Project("{9A19103F-16F7-4668-BE54-9A1E7A4F7556}") = "Sandpit.SemiStaticEntity", "Sandpit.SemiStaticEntity\Sandpit.SemiStaticEntity.csproj", "{FA3BF570-82D8-4F8A-9F71-21527C1378F0}"
EndProject
Project("{FAE04EC0-301F-11D3-BF4B-00C04F79EFBC}") = "Sandpit.ConcatenateQueryables", "Sandpit.ConcatenateQueryables\Sandpit.ConcatenateQueryables.csproj", "{DF14F191-287C-4BDE-86F4-9E625C4AC1D6}"
EndProject
Project("{FAE04EC0-301F-11D3-BF4B-00C04F79EFBC}") = "Sandpit.ConcatenateQueryables.Console", "Sandpit.ConcatenateQueryables.Console\Sandpit.ConcatenateQueryables.Console.csproj", "{EC8E6453-716F-494F-9C9F-87F2D7258ED9}"
EndProject
Global
	GlobalSection(SolutionConfigurationPlatforms) = preSolution
		Debug|Any CPU = Debug|Any CPU
		Release|Any CPU = Release|Any CPU
	EndGlobalSection
	GlobalSection(ProjectConfigurationPlatforms) = postSolution
		{2680E2EF-4393-48F4-A23B-7160EF03A1B9}.Debug|Any CPU.ActiveCfg = Debug|Any CPU
		{2680E2EF-4393-48F4-A23B-7160EF03A1B9}.Debug|Any CPU.Build.0 = Debug|Any CPU
		{2680E2EF-4393-48F4-A23B-7160EF03A1B9}.Release|Any CPU.ActiveCfg = Release|Any CPU
		{2680E2EF-4393-48F4-A23B-7160EF03A1B9}.Release|Any CPU.Build.0 = Release|Any CPU
		{FA3BF570-82D8-4F8A-9F71-21527C1378F0}.Debug|Any CPU.ActiveCfg = Debug|Any CPU
		{FA3BF570-82D8-4F8A-9F71-21527C1378F0}.Debug|Any CPU.Build.0 = Debug|Any CPU
		{FA3BF570-82D8-4F8A-9F71-21527C1378F0}.Release|Any CPU.ActiveCfg = Release|Any CPU
		{FA3BF570-82D8-4F8A-9F71-21527C1378F0}.Release|Any CPU.Build.0 = Release|Any CPU
		{DF14F191-287C-4BDE-86F4-9E625C4AC1D6}.Debug|Any CPU.ActiveCfg = Debug|Any CPU
		{DF14F191-287C-4BDE-86F4-9E625C4AC1D6}.Debug|Any CPU.Build.0 = Debug|Any CPU
		{DF14F191-287C-4BDE-86F4-9E625C4AC1D6}.Release|Any CPU.ActiveCfg = Release|Any CPU
		{DF14F191-287C-4BDE-86F4-9E625C4AC1D6}.Release|Any CPU.Build.0 = Release|Any CPU
		{EC8E6453-716F-494F-9C9F-87F2D7258ED9}.Debug|Any CPU.ActiveCfg = Debug|Any CPU
		{EC8E6453-716F-494F-9C9F-87F2D7258ED9}.Debug|Any CPU.Build.0 = Debug|Any CPU
		{EC8E6453-716F-494F-9C9F-87F2D7258ED9}.Release|Any CPU.ActiveCfg = Release|Any CPU
		{EC8E6453-716F-494F-9C9F-87F2D7258ED9}.Release|Any CPU.Build.0 = Release|Any CPU
	EndGlobalSection
	GlobalSection(SolutionProperties) = preSolution
		HideSolutionNode = FALSE
	EndGlobalSection
	GlobalSection(ExtensibilityGlobals) = postSolution
		SolutionGuid = {97535912-939A-4D35-B30B-87416B620D3E}
	EndGlobalSection
EndGlobal
